schema: '2.0'
stages:
  data_ingestion:
    cmd: python src/cnnClassifier/pipeline/stage_01_data_ingestion.py
    deps:
    - path: config/config.yaml
      hash: md5
      md5: 3d03f97618f917ce2dc26bf943b65f6c
      size: 580
    - path: src/cnnClassifier/pipeline/stage_01_data_ingestion.py
      hash: md5
      md5: 167e3473f94817f07e89af3138c92c19
      size: 889
    outs:
    - path: artifacts/data_ingestion/Training
      hash: md5
      md5: dc6c9ba3055abae66318ea9e538a7ee9.dir
      size: 58235500
      nfiles: 2534
  prepare_base_model:
    cmd: python src/cnnClassifier/pipeline/stage_02_prepare_base_model.py
    deps:
    - path: config/config.yaml
      hash: md5
      md5: 3d03f97618f917ce2dc26bf943b65f6c
      size: 580
    - path: src/cnnClassifier/pipeline/stage_02_prepare_base_model.py
      hash: md5
      md5: 3f41e803ec587c6a0908792b396af1ff
      size: 997
    params:
      params.yaml:
        CLASSES: 4
        IMAGE_SIZE:
        - 224
        - 224
        - 3
        INCLUDE_TOP: false
        LEARNING_RATE: 0.0001
        WEIGHTS: imagenet
    outs:
    - path: artifacts/prepare_base_model
      hash: md5
      md5: 04b2d54b9af4b9c6c4d438f0505b46cb.dir
      size: 118255264
      nfiles: 2
  training:
    cmd: python src/cnnClassifier/pipeline/stage_03_model_trainer.py
    deps:
    - path: artifacts/data_ingestion/Training
      hash: md5
      md5: dc6c9ba3055abae66318ea9e538a7ee9.dir
      size: 58235500
      nfiles: 2534
    - path: artifacts/prepare_base_model
      hash: md5
      md5: 04b2d54b9af4b9c6c4d438f0505b46cb.dir
      size: 118255264
      nfiles: 2
    - path: config/config.yaml
      hash: md5
      md5: 3d03f97618f917ce2dc26bf943b65f6c
      size: 580
    - path: src/cnnClassifier/pipeline/stage_03_model_trainer.py
      hash: md5
      md5: 6ec55f3955b9ecfe917352556b68fe5e
      size: 926
    params:
      params.yaml:
        AUGMENTATION: true
        BATCH_SIZE: 16
        EPOCHS: 1
        IMAGE_SIZE:
        - 224
        - 224
        - 3
    outs:
    - path: artifacts/training/model.h5
      hash: md5
      md5: 9815d2adf2afd8bbe8970ec717056655
      size: 60142936
  evaluation:
    cmd: python src/cnnClassifier/pipeline/stage_04_model_evaluation.py
    deps:
    - path: artifacts/data_ingestion/Training
      hash: md5
      md5: dc6c9ba3055abae66318ea9e538a7ee9.dir
      size: 58235500
      nfiles: 2534
    - path: artifacts/training/model.h5
      hash: md5
      md5: 9815d2adf2afd8bbe8970ec717056655
      size: 60142936
    - path: config/config.yaml
      hash: md5
      md5: 3d03f97618f917ce2dc26bf943b65f6c
      size: 580
    - path: src/cnnClassifier/pipeline/stage_04_model_evaluation.py
      hash: md5
      md5: e5acfe1c4e9e0a3f116bebf9898cb1ee
      size: 938
    params:
      params.yaml:
        BATCH_SIZE: 16
        IMAGE_SIZE:
        - 224
        - 224
        - 3
    outs:
    - path: scores.json
      hash: md5
      md5: 83320d7be8fb585854e3ca397021172d
      size: 73
